
Microsoft Visual Studio Solution File, Format Version 12.00
# Visual Studio Version 17
VisualStudioVersion = 17.9.34616.47
MinimumVisualStudioVersion = 10.0.40219.1
Project("{FAE04EC0-301F-11D3-BF4B-00C04F79EFBC}") = "Trainee_MVCApp", "Trainee_MVCApp\Trainee_MVCApp.csproj", "{617F1F44-5501-48EC-9288-ADCADB92DE54}"
EndProject
Global
	GlobalSection(SolutionConfigurationPlatforms) = preSolution
		Debug|Any CPU = Debug|Any CPU
		Release|Any CPU = Release|Any CPU
	EndGlobalSection
	GlobalSection(ProjectConfigurationPlatforms) = postSolution
		{617F1F44-5501-48EC-9288-ADCADB92DE54}.Debug|Any CPU.ActiveCfg = Debug|Any CPU
		{617F1F44-5501-48EC-9288-ADCADB92DE54}.Debug|Any CPU.Build.0 = Debug|Any CPU
		{617F1F44-5501-48EC-9288-ADCADB92DE54}.Release|Any CPU.ActiveCfg = Release|Any CPU
		{617F1F44-5501-48EC-9288-ADCADB92DE54}.Release|Any CPU.Build.0 = Release|Any CPU
	EndGlobalSection
	GlobalSection(SolutionProperties) = preSolution
		HideSolutionNode = FALSE
	EndGlobalSection
	GlobalSection(ExtensibilityGlobals) = postSolution
		SolutionGuid = {41CD3349-7E08-4CD4-8A81-6391D3955227}
	EndGlobalSection
EndGlobal
