
Microsoft Visual Studio Solution File, Format Version 12.00
# Visual Studio Version 17
VisualStudioVersion = 17.9.34622.214
MinimumVisualStudioVersion = 10.0.40219.1
Project("{FAE04EC0-301F-11D3-BF4B-00C04F79EFBC}") = "ExternalLoginTas", "ExternalLoginTas\ExternalLoginTas.csproj", "{A69DA8AB-3247-41F0-8EB5-20DB9AD8C7AA}"
EndProject
Global
	GlobalSection(SolutionConfigurationPlatforms) = preSolution
		Debug|Any CPU = Debug|Any CPU
		Release|Any CPU = Release|Any CPU
	EndGlobalSection
	GlobalSection(ProjectConfigurationPlatforms) = postSolution
		{A69DA8AB-3247-41F0-8EB5-20DB9AD8C7AA}.Debug|Any CPU.ActiveCfg = Debug|Any CPU
		{A69DA8AB-3247-41F0-8EB5-20DB9AD8C7AA}.Debug|Any CPU.Build.0 = Debug|Any CPU
		{A69DA8AB-3247-41F0-8EB5-20DB9AD8C7AA}.Release|Any CPU.ActiveCfg = Release|Any CPU
		{A69DA8AB-3247-41F0-8EB5-20DB9AD8C7AA}.Release|Any CPU.Build.0 = Release|Any CPU
	EndGlobalSection
	GlobalSection(SolutionProperties) = preSolution
		HideSolutionNode = FALSE
	EndGlobalSection
	GlobalSection(ExtensibilityGlobals) = postSolution
		SolutionGuid = {64C441E1-1AD2-4557-973C-5619A72261C1}
	EndGlobalSection
EndGlobal
